// !$*UTF8*$!
{
	archiveVersion = 1;
	classes = {
	};
	objectVersion = 56;
	objects = {

/* Begin PBXBuildFile section */
		76671F452A74486A00CC96F6 /* LandmarkApp.swift in Sources */ = {isa = PBXBuildFile; fileRef = 76671F442A74486A00CC96F6 /* LandmarkApp.swift */; };
		76671F472A74486A00CC96F6 /* ContentView.swift in Sources */ = {isa = PBXBuildFile; fileRef = 76671F462A74486A00CC96F6 /* ContentView.swift */; };
		76671F492A74486E00CC96F6 /* Assets.xcassets in Resources */ = {isa = PBXBuildFile; fileRef = 76671F482A74486E00CC96F6 /* Assets.xcassets */; };
		76671F4C2A74486E00CC96F6 /* Preview Assets.xcassets in Resources */ = {isa = PBXBuildFile; fileRef = 76671F4B2A74486E00CC96F6 /* Preview Assets.xcassets */; };
		76671F532A744C4900CC96F6 /* CircleImage.swift in Sources */ = {isa = PBXBuildFile; fileRef = 76671F522A744C4900CC96F6 /* CircleImage.swift */; };
		76671F552A744CED00CC96F6 /* MapView.swift in Sources */ = {isa = PBXBuildFile; fileRef = 76671F542A744CED00CC96F6 /* MapView.swift */; };
		76671F712A75699800CC96F6 /* landmarkData.json in Resources */ = {isa = PBXBuildFile; fileRef = 76671F702A75699800CC96F6 /* landmarkData.json */; };
		76671F732A7569C200CC96F6 /* Landmark.swift in Sources */ = {isa = PBXBuildFile; fileRef = 76671F722A7569C200CC96F6 /* Landmark.swift */; };
		76671F752A756C8300CC96F6 /* ModelData.swift in Sources */ = {isa = PBXBuildFile; fileRef = 76671F742A756C8300CC96F6 /* ModelData.swift */; };
		76671F7A2A756FE400CC96F6 /* LandmarkRow.swift in Sources */ = {isa = PBXBuildFile; fileRef = 76671F792A756FE400CC96F6 /* LandmarkRow.swift */; };
		76671F7C2A75760700CC96F6 /* LandmarkList.swift in Sources */ = {isa = PBXBuildFile; fileRef = 76671F7B2A75760700CC96F6 /* LandmarkList.swift */; };
		76671F7E2A75788200CC96F6 /* LandmarkDetail.swift in Sources */ = {isa = PBXBuildFile; fileRef = 76671F7D2A75788200CC96F6 /* LandmarkDetail.swift */; };
/* End PBXBuildFile section */

/* Begin PBXFileReference section */
		76671F412A74486A00CC96F6 /* Landmark.app */ = {isa = PBXFileReference; explicitFileType = wrapper.application; includeInIndex = 0; path = Landmark.app; sourceTree = BUILT_PRODUCTS_DIR; };
		76671F442A74486A00CC96F6 /* LandmarkApp.swift */ = {isa = PBXFileReference; lastKnownFileType = sourcecode.swift; path = LandmarkApp.swift; sourceTree = "<group>"; };
		76671F462A74486A00CC96F6 /* ContentView.swift */ = {isa = PBXFileReference; lastKnownFileType = sourcecode.swift; path = ContentView.swift; sourceTree = "<group>"; };
		76671F482A74486E00CC96F6 /* Assets.xcassets */ = {isa = PBXFileReference; lastKnownFileType = folder.assetcatalog; path = Assets.xcassets; sourceTree = "<group>"; };
		76671F4B2A74486E00CC96F6 /* Preview Assets.xcassets */ = {isa = PBXFileReference; lastKnownFileType = folder.assetcatalog; path = "Preview Assets.xcassets"; sourceTree = "<group>"; };
		76671F522A744C4900CC96F6 /* CircleImage.swift */ = {isa = PBXFileReference; lastKnownFileType = sourcecode.swift; path = CircleImage.swift; sourceTree = "<group>"; };
		76671F542A744CED00CC96F6 /* MapView.swift */ = {isa = PBXFileReference; lastKnownFileType = sourcecode.swift; path = MapView.swift; sourceTree = "<group>"; };
		76671F702A75699800CC96F6 /* landmarkData.json */ = {isa = PBXFileReference; fileEncoding = 4; lastKnownFileType = text.json; path = landmarkData.json; sourceTree = "<group>"; };
		76671F722A7569C200CC96F6 /* Landmark.swift */ = {isa = PBXFileReference; lastKnownFileType = sourcecode.swift; path = Landmark.swift; sourceTree = "<group>"; };
		76671F742A756C8300CC96F6 /* ModelData.swift */ = {isa = PBXFileReference; lastKnownFileType = sourcecode.swift; path = ModelData.swift; sourceTree = "<group>"; };
		76671F792A756FE400CC96F6 /* LandmarkRow.swift */ = {isa = PBXFileReference; lastKnownFileType = sourcecode.swift; path = LandmarkRow.swift; sourceTree = "<group>"; };
		76671F7B2A75760700CC96F6 /* LandmarkList.swift */ = {isa = PBXFileReference; lastKnownFileType = sourcecode.swift; path = LandmarkList.swift; sourceTree = "<group>"; };
		76671F7D2A75788200CC96F6 /* LandmarkDetail.swift */ = {isa = PBXFileReference; lastKnownFileType = sourcecode.swift; path = LandmarkDetail.swift; sourceTree = "<group>"; };
/* End PBXFileReference section */

/* Begin PBXFrameworksBuildPhase section */
		76671F3E2A74486A00CC96F6 /* Frameworks */ = {
			isa = PBXFrameworksBuildPhase;
			buildActionMask = 2147483647;
			files = (
			);
			runOnlyForDeploymentPostprocessing = 0;
		};
/* End PBXFrameworksBuildPhase section */

/* Begin PBXGroup section */
		76671F382A74486A00CC96F6 = {
			isa = PBXGroup;
			children = (
				76671F432A74486A00CC96F6 /* Landmark */,
				76671F422A74486A00CC96F6 /* Products */,
			);
			sourceTree = "<group>";
		};
		76671F422A74486A00CC96F6 /* Products */ = {
			isa = PBXGroup;
			children = (
				76671F412A74486A00CC96F6 /* Landmark.app */,
			);
			name = Products;
			sourceTree = "<group>";
		};
		76671F432A74486A00CC96F6 /* Landmark */ = {
			isa = PBXGroup;
			children = (
				76671F442A74486A00CC96F6 /* LandmarkApp.swift */,
				76671F772A756E4400CC96F6 /* Views */,
				76671F762A756E3F00CC96F6 /* Model */,
				76671F782A756E8D00CC96F6 /* Resources */,
				76671F482A74486E00CC96F6 /* Assets.xcassets */,
				76671F4A2A74486E00CC96F6 /* Preview Content */,
			);
			path = Landmark;
			sourceTree = "<group>";
		};
		76671F4A2A74486E00CC96F6 /* Preview Content */ = {
			isa = PBXGroup;
			children = (
				76671F4B2A74486E00CC96F6 /* Preview Assets.xcassets */,
			);
			path = "Preview Content";
			sourceTree = "<group>";
		};
		76671F762A756E3F00CC96F6 /* Model */ = {
			isa = PBXGroup;
			children = (
				76671F742A756C8300CC96F6 /* ModelData.swift */,
				76671F722A7569C200CC96F6 /* Landmark.swift */,
			);
			path = Model;
			sourceTree = "<group>";
		};
		76671F772A756E4400CC96F6 /* Views */ = {
			isa = PBXGroup;
			children = (
				76671F462A74486A00CC96F6 /* ContentView.swift */,
				76671F522A744C4900CC96F6 /* CircleImage.swift */,
				76671F542A744CED00CC96F6 /* MapView.swift */,
				76671F792A756FE400CC96F6 /* LandmarkRow.swift */,
				76671F7B2A75760700CC96F6 /* LandmarkList.swift */,
				76671F7D2A75788200CC96F6 /* LandmarkDetail.swift */,
			);
			path = Views;
			sourceTree = "<group>";
		};
		76671F782A756E8D00CC96F6 /* Resources */ = {
			isa = PBXGroup;
			children = (
				76671F702A75699800CC96F6 /* landmarkData.json */,
			);
			path = Resources;
			sourceTree = "<group>";
		};
/* End PBXGroup section */

/* Begin PBXNativeTarget section */
		76671F402A74486A00CC96F6 /* Landmark */ = {
			isa = PBXNativeTarget;
			buildConfigurationList = 76671F4F2A74486E00CC96F6 /* Build configuration list for PBXNativeTarget "Landmark" */;
			buildPhases = (
				76671F3D2A74486A00CC96F6 /* Sources */,
				76671F3E2A74486A00CC96F6 /* Frameworks */,
				76671F3F2A74486A00CC96F6 /* Resources */,
			);
			buildRules = (
			);
			dependencies = (
			);
			name = Landmark;
			productName = Landmark;
			productReference = 76671F412A74486A00CC96F6 /* Landmark.app */;
			productType = "com.apple.product-type.application";
		};
/* End PBXNativeTarget section */

/* Begin PBXProject section */
		76671F392A74486A00CC96F6 /* Project object */ = {
			isa = PBXProject;
			attributes = {
				BuildIndependentTargetsInParallel = 1;
				LastSwiftUpdateCheck = 1430;
				LastUpgradeCheck = 1430;
				TargetAttributes = {
					76671F402A74486A00CC96F6 = {
						CreatedOnToolsVersion = 14.3.1;
					};
				};
			};
			buildConfigurationList = 76671F3C2A74486A00CC96F6 /* Build configuration list for PBXProject "Landmark" */;
			compatibilityVersion = "Xcode 14.0";
			developmentRegion = en;
			hasScannedForEncodings = 0;
			knownRegions = (
				en,
				Base,
			);
			mainGroup = 76671F382A74486A00CC96F6;
			productRefGroup = 76671F422A74486A00CC96F6 /* Products */;
			projectDirPath = "";
			projectRoot = "";
			targets = (
				76671F402A74486A00CC96F6 /* Landmark */,
			);
		};
/* End PBXProject section */

/* Begin PBXResourcesBuildPhase section */
		76671F3F2A74486A00CC96F6 /* Resources */ = {
			isa = PBXResourcesBuildPhase;
			buildActionMask = 2147483647;
			files = (
				76671F4C2A74486E00CC96F6 /* Preview Assets.xcassets in Resources */,
				76671F492A74486E00CC96F6 /* Assets.xcassets in Resources */,
				76671F712A75699800CC96F6 /* landmarkData.json in Resources */,
			);
			runOnlyForDeploymentPostprocessing = 0;
		};
/* End PBXResourcesBuildPhase section */

/* Begin PBXSourcesBuildPhase section */
		76671F3D2A74486A00CC96F6 /* Sources */ = {
			isa = PBXSourcesBuildPhase;
			buildActionMask = 2147483647;
			files = (
				76671F472A74486A00CC96F6 /* ContentView.swift in Sources */,
				76671F552A744CED00CC96F6 /* MapView.swift in Sources */,
				76671F452A74486A00CC96F6 /* LandmarkApp.swift in Sources */,
				76671F7C2A75760700CC96F6 /* LandmarkList.swift in Sources */,
				76671F7E2A75788200CC96F6 /* LandmarkDetail.swift in Sources */,
				76671F532A744C4900CC96F6 /* CircleImage.swift in Sources */,
				76671F732A7569C200CC96F6 /* Landmark.swift in Sources */,
				76671F7A2A756FE400CC96F6 /* LandmarkRow.swift in Sources */,
				76671F752A756C8300CC96F6 /* ModelData.swift in Sources */,
			);
			runOnlyForDeploymentPostprocessing = 0;
		};
/* End PBXSourcesBuildPhase section */

/* Begin XCBuildConfiguration section */
		76671F4D2A74486E00CC96F6 /* Debug */ = {
			isa = XCBuildConfiguration;
			buildSettings = {
				ALWAYS_SEARCH_USER_PATHS = NO;
				CLANG_ANALYZER_NONNULL = YES;
				CLANG_ANALYZER_NUMBER_OBJECT_CONVERSION = YES_AGGRESSIVE;
				CLANG_CXX_LANGUAGE_STANDARD = "gnu++20";
				CLANG_ENABLE_MODULES = YES;
				CLANG_ENABLE_OBJC_ARC = YES;
				CLANG_ENABLE_OBJC_WEAK = YES;
				CLANG_WARN_BLOCK_CAPTURE_AUTORELEASING = YES;
				CLANG_WARN_BOOL_CONVERSION = YES;
				CLANG_WARN_COMMA = YES;
				CLANG_WARN_CONSTANT_CONVERSION = YES;
				CLANG_WARN_DEPRECATED_OBJC_IMPLEMENTATIONS = YES;
				CLANG_WARN_DIRECT_OBJC_ISA_USAGE = YES_ERROR;
				CLANG_WARN_DOCUMENTATION_COMMENTS = YES;
				CLANG_WARN_EMPTY_BODY = YES;
				CLANG_WARN_ENUM_CONVERSION = YES;
				CLANG_WARN_INFINITE_RECURSION = YES;
				CLANG_WARN_INT_CONVERSION = YES;
				CLANG_WARN_NON_LITERAL_NULL_CONVERSION = YES;
				CLANG_WARN_OBJC_IMPLICIT_RETAIN_SELF = YES;
				CLANG_WARN_OBJC_LITERAL_CONVERSION = YES;
				CLANG_WARN_OBJC_ROOT_CLASS = YES_ERROR;
				CLANG_WARN_QUOTED_INCLUDE_IN_FRAMEWORK_HEADER = YES;
				CLANG_WARN_RANGE_LOOP_ANALYSIS = YES;
				CLANG_WARN_STRICT_PROTOTYPES = YES;
				CLANG_WARN_SUSPICIOUS_MOVE = YES;
				CLANG_WARN_UNGUARDED_AVAILABILITY = YES_AGGRESSIVE;
				CLANG_WARN_UNREACHABLE_CODE = YES;
				CLANG_WARN__DUPLICATE_METHOD_MATCH = YES;
				COPY_PHASE_STRIP = NO;
				DEBUG_INFORMATION_FORMAT = dwarf;
				ENABLE_STRICT_OBJC_MSGSEND = YES;
				ENABLE_TESTABILITY = YES;
				GCC_C_LANGUAGE_STANDARD = gnu11;
				GCC_DYNAMIC_NO_PIC = NO;
				GCC_NO_COMMON_BLOCKS = YES;
				GCC_OPTIMIZATION_LEVEL = 0;
				GCC_PREPROCESSOR_DEFINITIONS = (
					"DEBUG=1",
					"$(inherited)",
				);
				GCC_WARN_64_TO_32_BIT_CONVERSION = YES;
				GCC_WARN_ABOUT_RETURN_TYPE = YES_ERROR;
				GCC_WARN_UNDECLARED_SELECTOR = YES;
				GCC_WARN_UNINITIALIZED_AUTOS = YES_AGGRESSIVE;
				GCC_WARN_UNUSED_FUNCTION = YES;
				GCC_WARN_UNUSED_VARIABLE = YES;
				IPHONEOS_DEPLOYMENT_TARGET = 16.4;
				MTL_ENABLE_DEBUG_INFO = INCLUDE_SOURCE;
				MTL_FAST_MATH = YES;
				ONLY_ACTIVE_ARCH = YES;
				SDKROOT = iphoneos;
				SWIFT_ACTIVE_COMPILATION_CONDITIONS = DEBUG;
				SWIFT_OPTIMIZATION_LEVEL = "-Onone";
			};
			name = Debug;
		};
		76671F4E2A74486E00CC96F6 /* Release */ = {
			isa = XCBuildConfiguration;
			buildSettings = {
				ALWAYS_SEARCH_USER_PATHS = NO;
				CLANG_ANALYZER_NONNULL = YES;
				CLANG_ANALYZER_NUMBER_OBJECT_CONVERSION = YES_AGGRESSIVE;
				CLANG_CXX_LANGUAGE_STANDARD = "gnu++20";
				CLANG_ENABLE_MODULES = YES;
				CLANG_ENABLE_OBJC_ARC = YES;
				CLANG_ENABLE_OBJC_WEAK = YES;
				CLANG_WARN_BLOCK_CAPTURE_AUTORELEASING = YES;
				CLANG_WARN_BOOL_CONVERSION = YES;
				CLANG_WARN_COMMA = YES;
				CLANG_WARN_CONSTANT_CONVERSION = YES;
				CLANG_WARN_DEPRECATED_OBJC_IMPLEMENTATIONS = YES;
				CLANG_WARN_DIRECT_OBJC_ISA_USAGE = YES_ERROR;
				CLANG_WARN_DOCUMENTATION_COMMENTS = YES;
				CLANG_WARN_EMPTY_BODY = YES;
				CLANG_WARN_ENUM_CONVERSION = YES;
				CLANG_WARN_INFINITE_RECURSION = YES;
				CLANG_WARN_INT_CONVERSION = YES;
				CLANG_WARN_NON_LITERAL_NULL_CONVERSION = YES;
				CLANG_WARN_OBJC_IMPLICIT_RETAIN_SELF = YES;
				CLANG_WARN_OBJC_LITERAL_CONVERSION = YES;
				CLANG_WARN_OBJC_ROOT_CLASS = YES_ERROR;
				CLANG_WARN_QUOTED_INCLUDE_IN_FRAMEWORK_HEADER = YES;
				CLANG_WARN_RANGE_LOOP_ANALYSIS = YES;
				CLANG_WARN_STRICT_PROTOTYPES = YES;
				CLANG_WARN_SUSPICIOUS_MOVE = YES;
				CLANG_WARN_UNGUARDED_AVAILABILITY = YES_AGGRESSIVE;
				CLANG_WARN_UNREACHABLE_CODE = YES;
				CLANG_WARN__DUPLICATE_METHOD_MATCH = YES;
				COPY_PHASE_STRIP = NO;
				DEBUG_INFORMATION_FORMAT = "dwarf-with-dsym";
				ENABLE_NS_ASSERTIONS = NO;
				ENABLE_STRICT_OBJC_MSGSEND = YES;
				GCC_C_LANGUAGE_STANDARD = gnu11;
				GCC_NO_COMMON_BLOCKS = YES;
				GCC_WARN_64_TO_32_BIT_CONVERSION = YES;
				GCC_WARN_ABOUT_RETURN_TYPE = YES_ERROR;
				GCC_WARN_UNDECLARED_SELECTOR = YES;
				GCC_WARN_UNINITIALIZED_AUTOS = YES_AGGRESSIVE;
				GCC_WARN_UNUSED_FUNCTION = YES;
				GCC_WARN_UNUSED_VARIABLE = YES;
				IPHONEOS_DEPLOYMENT_TARGET = 16.4;
				MTL_ENABLE_DEBUG_INFO = NO;
				MTL_FAST_MATH = YES;
				SDKROOT = iphoneos;
				SWIFT_COMPILATION_MODE = wholemodule;
				SWIFT_OPTIMIZATION_LEVEL = "-O";
				VALIDATE_PRODUCT = YES;
			};
			name = Release;
		};
		76671F502A74486E00CC96F6 /* Debug */ = {
			isa = XCBuildConfiguration;
			buildSettings = {
				ASSETCATALOG_COMPILER_APPICON_NAME = AppIcon;
				ASSETCATALOG_COMPILER_GLOBAL_ACCENT_COLOR_NAME = AccentColor;
				CODE_SIGN_STYLE = Automatic;
				CURRENT_PROJECT_VERSION = 1;
				DEVELOPMENT_ASSET_PATHS = "\"Landmark/Preview Content\"";
				DEVELOPMENT_TEAM = 32K28U7375;
				ENABLE_PREVIEWS = YES;
				GENERATE_INFOPLIST_FILE = YES;
				INFOPLIST_KEY_UIApplicationSceneManifest_Generation = YES;
				INFOPLIST_KEY_UIApplicationSupportsIndirectInputEvents = YES;
				INFOPLIST_KEY_UILaunchScreen_Generation = YES;
				INFOPLIST_KEY_UISupportedInterfaceOrientations_iPad = "UIInterfaceOrientationPortrait UIInterfaceOrientationPortraitUpsideDown UIInterfaceOrientationLandscapeLeft UIInterfaceOrientationLandscapeRight";
				INFOPLIST_KEY_UISupportedInterfaceOrientations_iPhone = "UIInterfaceOrientationPortrait UIInterfaceOrientationLandscapeLeft UIInterfaceOrientationLandscapeRight";
				LD_RUNPATH_SEARCH_PATHS = (
					"$(inherited)",
					"@executable_path/Frameworks",
				);
				MARKETING_VERSION = 1.0;
				PRODUCT_BUNDLE_IDENTIFIER = "com.fit-learn.Landmark";
				PRODUCT_NAME = "$(TARGET_NAME)";
				SWIFT_EMIT_LOC_STRINGS = YES;
				SWIFT_VERSION = 5.0;
				TARGETED_DEVICE_FAMILY = "1,2";
			};
			name = Debug;
		};
		76671F512A74486E00CC96F6 /* Release */ = {
			isa = XCBuildConfiguration;
			buildSettings = {
				ASSETCATALOG_COMPILER_APPICON_NAME = AppIcon;
				ASSETCATALOG_COMPILER_GLOBAL_ACCENT_COLOR_NAME = AccentColor;
				CODE_SIGN_STYLE = Automatic;
				CURRENT_PROJECT_VERSION = 1;
				DEVELOPMENT_ASSET_PATHS = "\"Landmark/Preview Content\"";
				DEVELOPMENT_TEAM = 32K28U7375;
				ENABLE_PREVIEWS = YES;
				GENERATE_INFOPLIST_FILE = YES;
				INFOPLIST_KEY_UIApplicationSceneManifest_Generation = YES;
				INFOPLIST_KEY_UIApplicationSupportsIndirectInputEvents = YES;
				INFOPLIST_KEY_UILaunchScreen_Generation = YES;
				INFOPLIST_KEY_UISupportedInterfaceOrientations_iPad = "UIInterfaceOrientationPortrait UIInterfaceOrientationPortraitUpsideDown UIInterfaceOrientationLandscapeLeft UIInterfaceOrientationLandscapeRight";
				INFOPLIST_KEY_UISupportedInterfaceOrientations_iPhone = "UIInterfaceOrientationPortrait UIInterfaceOrientationLandscapeLeft UIInterfaceOrientationLandscapeRight";
				LD_RUNPATH_SEARCH_PATHS = (
					"$(inherited)",
					"@executable_path/Frameworks",
				);
				MARKETING_VERSION = 1.0;
				PRODUCT_BUNDLE_IDENTIFIER = "com.fit-learn.Landmark";
				PRODUCT_NAME = "$(TARGET_NAME)";
				SWIFT_EMIT_LOC_STRINGS = YES;
				SWIFT_VERSION = 5.0;
				TARGETED_DEVICE_FAMILY = "1,2";
			};
			name = Release;
		};
/* End XCBuildConfiguration section */

/* Begin XCConfigurationList section */
		76671F3C2A74486A00CC96F6 /* Build configuration list for PBXProject "Landmark" */ = {
			isa = XCConfigurationList;
			buildConfigurations = (
				76671F4D2A74486E00CC96F6 /* Debug */,
				76671F4E2A74486E00CC96F6 /* Release */,
			);
			defaultConfigurationIsVisible = 0;
			defaultConfigurationName = Release;
		};
		76671F4F2A74486E00CC96F6 /* Build configuration list for PBXNativeTarget "Landmark" */ = {
			isa = XCConfigurationList;
			buildConfigurations = (
				76671F502A74486E00CC96F6 /* Debug */,
				76671F512A74486E00CC96F6 /* Release */,
			);
			defaultConfigurationIsVisible = 0;
			defaultConfigurationName = Release;
		};
/* End XCConfigurationList section */
	};
	rootObject = 76671F392A74486A00CC96F6 /* Project object */;
}
